// !$*UTF8*$!
{
	archiveVersion = 1;
	classes = {
	};
	objectVersion = 52;
	objects = {

/* Begin PBXBuildFile section */
		EAF95AEA238045BA00B6EA8E /* AppDelegate.swift in Sources */ = {isa = PBXBuildFile; fileRef = EAF95AE9238045BA00B6EA8E /* AppDelegate.swift */; };
		EAF95AEC238045BA00B6EA8E /* SceneDelegate.swift in Sources */ = {isa = PBXBuildFile; fileRef = EAF95AEB238045BA00B6EA8E /* SceneDelegate.swift */; };
		EAF95AEE238045BA00B6EA8E /* ContentView.swift in Sources */ = {isa = PBXBuildFile; fileRef = EAF95AED238045BA00B6EA8E /* ContentView.swift */; };
		EAF95AF0238045BB00B6EA8E /* Assets.xcassets in Resources */ = {isa = PBXBuildFile; fileRef = EAF95AEF238045BB00B6EA8E /* Assets.xcassets */; };
		EAF95AF3238045BB00B6EA8E /* Preview Assets.xcassets in Resources */ = {isa = PBXBuildFile; fileRef = EAF95AF2238045BB00B6EA8E /* Preview Assets.xcassets */; };
		EAF95AF6238045BB00B6EA8E /* LaunchScreen.storyboard in Resources */ = {isa = PBXBuildFile; fileRef = EAF95AF4238045BB00B6EA8E /* LaunchScreen.storyboard */; };
		EAF95AFE238045D100B6EA8E /* MainController.swift in Sources */ = {isa = PBXBuildFile; fileRef = EAF95AFD238045D100B6EA8E /* MainController.swift */; };
		EAF95B012380495A00B6EA8E /* LBTATools in Frameworks */ = {isa = PBXBuildFile; productRef = EAF95B002380495A00B6EA8E /* LBTATools */; };
		EAF95B0323804E3A00B6EA8E /* PhotosGridController.swift in Sources */ = {isa = PBXBuildFile; fileRef = EAF95B0223804E3A00B6EA8E /* PhotosGridController.swift */; };
/* End PBXBuildFile section */

/* Begin PBXFileReference section */
		EAF95AE6238045BA00B6EA8E /* fb2019_lbta_practice.app */ = {isa = PBXFileReference; explicitFileType = wrapper.application; includeInIndex = 0; path = fb2019_lbta_practice.app; sourceTree = BUILT_PRODUCTS_DIR; };
		EAF95AE9238045BA00B6EA8E /* AppDelegate.swift */ = {isa = PBXFileReference; lastKnownFileType = sourcecode.swift; path = AppDelegate.swift; sourceTree = "<group>"; };
		EAF95AEB238045BA00B6EA8E /* SceneDelegate.swift */ = {isa = PBXFileReference; lastKnownFileType = sourcecode.swift; path = SceneDelegate.swift; sourceTree = "<group>"; };
		EAF95AED238045BA00B6EA8E /* ContentView.swift */ = {isa = PBXFileReference; lastKnownFileType = sourcecode.swift; path = ContentView.swift; sourceTree = "<group>"; };
		EAF95AEF238045BB00B6EA8E /* Assets.xcassets */ = {isa = PBXFileReference; lastKnownFileType = folder.assetcatalog; path = Assets.xcassets; sourceTree = "<group>"; };
		EAF95AF2238045BB00B6EA8E /* Preview Assets.xcassets */ = {isa = PBXFileReference; lastKnownFileType = folder.assetcatalog; path = "Preview Assets.xcassets"; sourceTree = "<group>"; };
		EAF95AF5238045BB00B6EA8E /* Base */ = {isa = PBXFileReference; lastKnownFileType = file.storyboard; name = Base; path = Base.lproj/LaunchScreen.storyboard; sourceTree = "<group>"; };
		EAF95AF7238045BB00B6EA8E /* Info.plist */ = {isa = PBXFileReference; lastKnownFileType = text.plist.xml; path = Info.plist; sourceTree = "<group>"; };
		EAF95AFD238045D100B6EA8E /* MainController.swift */ = {isa = PBXFileReference; lastKnownFileType = sourcecode.swift; path = MainController.swift; sourceTree = "<group>"; };
		EAF95B0223804E3A00B6EA8E /* PhotosGridController.swift */ = {isa = PBXFileReference; lastKnownFileType = sourcecode.swift; path = PhotosGridController.swift; sourceTree = "<group>"; };
/* End PBXFileReference section */

/* Begin PBXFrameworksBuildPhase section */
		EAF95AE3238045BA00B6EA8E /* Frameworks */ = {
			isa = PBXFrameworksBuildPhase;
			buildActionMask = 2147483647;
			files = (
				EAF95B012380495A00B6EA8E /* LBTATools in Frameworks */,
			);
			runOnlyForDeploymentPostprocessing = 0;
		};
/* End PBXFrameworksBuildPhase section */

/* Begin PBXGroup section */
		EAF95ADD238045B900B6EA8E = {
			isa = PBXGroup;
			children = (
				EAF95AE8238045BA00B6EA8E /* fb2019_lbta_practice */,
				EAF95AE7238045BA00B6EA8E /* Products */,
			);
			sourceTree = "<group>";
		};
		EAF95AE7238045BA00B6EA8E /* Products */ = {
			isa = PBXGroup;
			children = (
				EAF95AE6238045BA00B6EA8E /* fb2019_lbta_practice.app */,
			);
			name = Products;
			sourceTree = "<group>";
		};
		EAF95AE8238045BA00B6EA8E /* fb2019_lbta_practice */ = {
			isa = PBXGroup;
			children = (
				EAF95AE9238045BA00B6EA8E /* AppDelegate.swift */,
				EAF95AEB238045BA00B6EA8E /* SceneDelegate.swift */,
				EAF95AED238045BA00B6EA8E /* ContentView.swift */,
				EAF95AEF238045BB00B6EA8E /* Assets.xcassets */,
				EAF95AF4238045BB00B6EA8E /* LaunchScreen.storyboard */,
				EAF95AF7238045BB00B6EA8E /* Info.plist */,
				EAF95AF1238045BB00B6EA8E /* Preview Content */,
				EAF95AFD238045D100B6EA8E /* MainController.swift */,
				EAF95B0223804E3A00B6EA8E /* PhotosGridController.swift */,
			);
			path = fb2019_lbta_practice;
			sourceTree = "<group>";
		};
		EAF95AF1238045BB00B6EA8E /* Preview Content */ = {
			isa = PBXGroup;
			children = (
				EAF95AF2238045BB00B6EA8E /* Preview Assets.xcassets */,
			);
			path = "Preview Content";
			sourceTree = "<group>";
		};
/* End PBXGroup section */

/* Begin PBXNativeTarget section */
		EAF95AE5238045BA00B6EA8E /* fb2019_lbta_practice */ = {
			isa = PBXNativeTarget;
			buildConfigurationList = EAF95AFA238045BB00B6EA8E /* Build configuration list for PBXNativeTarget "fb2019_lbta_practice" */;
			buildPhases = (
				EAF95AE2238045BA00B6EA8E /* Sources */,
				EAF95AE3238045BA00B6EA8E /* Frameworks */,
				EAF95AE4238045BA00B6EA8E /* Resources */,
			);
			buildRules = (
			);
			dependencies = (
			);
			name = fb2019_lbta_practice;
			packageProductDependencies = (
				EAF95B002380495A00B6EA8E /* LBTATools */,
			);
			productName = fb2019_lbta_practice;
			productReference = EAF95AE6238045BA00B6EA8E /* fb2019_lbta_practice.app */;
			productType = "com.apple.product-type.application";
		};
/* End PBXNativeTarget section */

/* Begin PBXProject section */
		EAF95ADE238045BA00B6EA8E /* Project object */ = {
			isa = PBXProject;
			attributes = {
				LastSwiftUpdateCheck = 1100;
				LastUpgradeCheck = 1100;
				ORGANIZATIONNAME = richoh86;
				TargetAttributes = {
					EAF95AE5238045BA00B6EA8E = {
						CreatedOnToolsVersion = 11.0;
					};
				};
			};
			buildConfigurationList = EAF95AE1238045BA00B6EA8E /* Build configuration list for PBXProject "fb2019_lbta_practice" */;
			compatibilityVersion = "Xcode 9.3";
			developmentRegion = en;
			hasScannedForEncodings = 0;
			knownRegions = (
				en,
				Base,
			);
			mainGroup = EAF95ADD238045B900B6EA8E;
			packageReferences = (
				EAF95AFF2380495A00B6EA8E /* XCRemoteSwiftPackageReference "LBTATools" */,
			);
			productRefGroup = EAF95AE7238045BA00B6EA8E /* Products */;
			projectDirPath = "";
			projectRoot = "";
			targets = (
				EAF95AE5238045BA00B6EA8E /* fb2019_lbta_practice */,
			);
		};
/* End PBXProject section */

/* Begin PBXResourcesBuildPhase section */
		EAF95AE4238045BA00B6EA8E /* Resources */ = {
			isa = PBXResourcesBuildPhase;
			buildActionMask = 2147483647;
			files = (
				EAF95AF6238045BB00B6EA8E /* LaunchScreen.storyboard in Resources */,
				EAF95AF3238045BB00B6EA8E /* Preview Assets.xcassets in Resources */,
				EAF95AF0238045BB00B6EA8E /* Assets.xcassets in Resources */,
			);
			runOnlyForDeploymentPostprocessing = 0;
		};
/* End PBXResourcesBuildPhase section */

/* Begin PBXSourcesBuildPhase section */
		EAF95AE2238045BA00B6EA8E /* Sources */ = {
			isa = PBXSourcesBuildPhase;
			buildActionMask = 2147483647;
			files = (
				EAF95AFE238045D100B6EA8E /* MainController.swift in Sources */,
				EAF95AEA238045BA00B6EA8E /* AppDelegate.swift in Sources */,
				EAF95AEC238045BA00B6EA8E /* SceneDelegate.swift in Sources */,
				EAF95B0323804E3A00B6EA8E /* PhotosGridController.swift in Sources */,
				EAF95AEE238045BA00B6EA8E /* ContentView.swift in Sources */,
			);
			runOnlyForDeploymentPostprocessing = 0;
		};
/* End PBXSourcesBuildPhase section */

/* Begin PBXVariantGroup section */
		EAF95AF4238045BB00B6EA8E /* LaunchScreen.storyboard */ = {
			isa = PBXVariantGroup;
			children = (
				EAF95AF5238045BB00B6EA8E /* Base */,
			);
			name = LaunchScreen.storyboard;
			sourceTree = "<group>";
		};
/* End PBXVariantGroup section */

/* Begin XCBuildConfiguration section */
		EAF95AF8238045BB00B6EA8E /* Debug */ = {
			isa = XCBuildConfiguration;
			buildSettings = {
				ALWAYS_SEARCH_USER_PATHS = NO;
				CLANG_ANALYZER_NONNULL = YES;
				CLANG_ANALYZER_NUMBER_OBJECT_CONVERSION = YES_AGGRESSIVE;
				CLANG_CXX_LANGUAGE_STANDARD = "gnu++14";
				CLANG_CXX_LIBRARY = "libc++";
				CLANG_ENABLE_MODULES = YES;
				CLANG_ENABLE_OBJC_ARC = YES;
				CLANG_ENABLE_OBJC_WEAK = YES;
				CLANG_WARN_BLOCK_CAPTURE_AUTORELEASING = YES;
				CLANG_WARN_BOOL_CONVERSION = YES;
				CLANG_WARN_COMMA = YES;
				CLANG_WARN_CONSTANT_CONVERSION = YES;
				CLANG_WARN_DEPRECATED_OBJC_IMPLEMENTATIONS = YES;
				CLANG_WARN_DIRECT_OBJC_ISA_USAGE = YES_ERROR;
				CLANG_WARN_DOCUMENTATION_COMMENTS = YES;
				CLANG_WARN_EMPTY_BODY = YES;
				CLANG_WARN_ENUM_CONVERSION = YES;
				CLANG_WARN_INFINITE_RECURSION = YES;
				CLANG_WARN_INT_CONVERSION = YES;
				CLANG_WARN_NON_LITERAL_NULL_CONVERSION = YES;
				CLANG_WARN_OBJC_IMPLICIT_RETAIN_SELF = YES;
				CLANG_WARN_OBJC_LITERAL_CONVERSION = YES;
				CLANG_WARN_OBJC_ROOT_CLASS = YES_ERROR;
				CLANG_WARN_RANGE_LOOP_ANALYSIS = YES;
				CLANG_WARN_STRICT_PROTOTYPES = YES;
				CLANG_WARN_SUSPICIOUS_MOVE = YES;
				CLANG_WARN_UNGUARDED_AVAILABILITY = YES_AGGRESSIVE;
				CLANG_WARN_UNREACHABLE_CODE = YES;
				CLANG_WARN__DUPLICATE_METHOD_MATCH = YES;
				COPY_PHASE_STRIP = NO;
				DEBUG_INFORMATION_FORMAT = dwarf;
				ENABLE_STRICT_OBJC_MSGSEND = YES;
				ENABLE_TESTABILITY = YES;
				GCC_C_LANGUAGE_STANDARD = gnu11;
				GCC_DYNAMIC_NO_PIC = NO;
				GCC_NO_COMMON_BLOCKS = YES;
				GCC_OPTIMIZATION_LEVEL = 0;
				GCC_PREPROCESSOR_DEFINITIONS = (
					"DEBUG=1",
					"$(inherited)",
				);
				GCC_WARN_64_TO_32_BIT_CONVERSION = YES;
				GCC_WARN_ABOUT_RETURN_TYPE = YES_ERROR;
				GCC_WARN_UNDECLARED_SELECTOR = YES;
				GCC_WARN_UNINITIALIZED_AUTOS = YES_AGGRESSIVE;
				GCC_WARN_UNUSED_FUNCTION = YES;
				GCC_WARN_UNUSED_VARIABLE = YES;
				IPHONEOS_DEPLOYMENT_TARGET = 13.0;
				MTL_ENABLE_DEBUG_INFO = INCLUDE_SOURCE;
				MTL_FAST_MATH = YES;
				ONLY_ACTIVE_ARCH = YES;
				SDKROOT = iphoneos;
				SWIFT_ACTIVE_COMPILATION_CONDITIONS = DEBUG;
				SWIFT_OPTIMIZATION_LEVEL = "-Onone";
			};
			name = Debug;
		};
		EAF95AF9238045BB00B6EA8E /* Release */ = {
			isa = XCBuildConfiguration;
			buildSettings = {
				ALWAYS_SEARCH_USER_PATHS = NO;
				CLANG_ANALYZER_NONNULL = YES;
				CLANG_ANALYZER_NUMBER_OBJECT_CONVERSION = YES_AGGRESSIVE;
				CLANG_CXX_LANGUAGE_STANDARD = "gnu++14";
				CLANG_CXX_LIBRARY = "libc++";
				CLANG_ENABLE_MODULES = YES;
				CLANG_ENABLE_OBJC_ARC = YES;
				CLANG_ENABLE_OBJC_WEAK = YES;
				CLANG_WARN_BLOCK_CAPTURE_AUTORELEASING = YES;
				CLANG_WARN_BOOL_CONVERSION = YES;
				CLANG_WARN_COMMA = YES;
				CLANG_WARN_CONSTANT_CONVERSION = YES;
				CLANG_WARN_DEPRECATED_OBJC_IMPLEMENTATIONS = YES;
				CLANG_WARN_DIRECT_OBJC_ISA_USAGE = YES_ERROR;
				CLANG_WARN_DOCUMENTATION_COMMENTS = YES;
				CLANG_WARN_EMPTY_BODY = YES;
				CLANG_WARN_ENUM_CONVERSION = YES;
				CLANG_WARN_INFINITE_RECURSION = YES;
				CLANG_WARN_INT_CONVERSION = YES;
				CLANG_WARN_NON_LITERAL_NULL_CONVERSION = YES;
				CLANG_WARN_OBJC_IMPLICIT_RETAIN_SELF = YES;
				CLANG_WARN_OBJC_LITERAL_CONVERSION = YES;
				CLANG_WARN_OBJC_ROOT_CLASS = YES_ERROR;
				CLANG_WARN_RANGE_LOOP_ANALYSIS = YES;
				CLANG_WARN_STRICT_PROTOTYPES = YES;
				CLANG_WARN_SUSPICIOUS_MOVE = YES;
				CLANG_WARN_UNGUARDED_AVAILABILITY = YES_AGGRESSIVE;
				CLANG_WARN_UNREACHABLE_CODE = YES;
				CLANG_WARN__DUPLICATE_METHOD_MATCH = YES;
				COPY_PHASE_STRIP = NO;
				DEBUG_INFORMATION_FORMAT = "dwarf-with-dsym";
				ENABLE_NS_ASSERTIONS = NO;
				ENABLE_STRICT_OBJC_MSGSEND = YES;
				GCC_C_LANGUAGE_STANDARD = gnu11;
				GCC_NO_COMMON_BLOCKS = YES;
				GCC_WARN_64_TO_32_BIT_CONVERSION = YES;
				GCC_WARN_ABOUT_RETURN_TYPE = YES_ERROR;
				GCC_WARN_UNDECLARED_SELECTOR = YES;
				GCC_WARN_UNINITIALIZED_AUTOS = YES_AGGRESSIVE;
				GCC_WARN_UNUSED_FUNCTION = YES;
				GCC_WARN_UNUSED_VARIABLE = YES;
				IPHONEOS_DEPLOYMENT_TARGET = 13.0;
				MTL_ENABLE_DEBUG_INFO = NO;
				MTL_FAST_MATH = YES;
				SDKROOT = iphoneos;
				SWIFT_COMPILATION_MODE = wholemodule;
				SWIFT_OPTIMIZATION_LEVEL = "-O";
				VALIDATE_PRODUCT = YES;
			};
			name = Release;
		};
		EAF95AFB238045BB00B6EA8E /* Debug */ = {
			isa = XCBuildConfiguration;
			buildSettings = {
				ASSETCATALOG_COMPILER_APPICON_NAME = AppIcon;
				CODE_SIGN_STYLE = Automatic;
				DEVELOPMENT_ASSET_PATHS = "\"fb2019_lbta_practice/Preview Content\"";
				ENABLE_PREVIEWS = YES;
				INFOPLIST_FILE = fb2019_lbta_practice/Info.plist;
				LD_RUNPATH_SEARCH_PATHS = (
					"$(inherited)",
					"@executable_path/Frameworks",
				);
				PRODUCT_BUNDLE_IDENTIFIER = "com.richoh86.fb2019-lbta-practice";
				PRODUCT_NAME = "$(TARGET_NAME)";
				SWIFT_VERSION = 5.0;
				TARGETED_DEVICE_FAMILY = "1,2";
			};
			name = Debug;
		};
		EAF95AFC238045BB00B6EA8E /* Release */ = {
			isa = XCBuildConfiguration;
			buildSettings = {
				ASSETCATALOG_COMPILER_APPICON_NAME = AppIcon;
				CODE_SIGN_STYLE = Automatic;
				DEVELOPMENT_ASSET_PATHS = "\"fb2019_lbta_practice/Preview Content\"";
				ENABLE_PREVIEWS = YES;
				INFOPLIST_FILE = fb2019_lbta_practice/Info.plist;
				LD_RUNPATH_SEARCH_PATHS = (
					"$(inherited)",
					"@executable_path/Frameworks",
				);
				PRODUCT_BUNDLE_IDENTIFIER = "com.richoh86.fb2019-lbta-practice";
				PRODUCT_NAME = "$(TARGET_NAME)";
				SWIFT_VERSION = 5.0;
				TARGETED_DEVICE_FAMILY = "1,2";
			};
			name = Release;
		};
/* End XCBuildConfiguration section */

/* Begin XCConfigurationList section */
		EAF95AE1238045BA00B6EA8E /* Build configuration list for PBXProject "fb2019_lbta_practice" */ = {
			isa = XCConfigurationList;
			buildConfigurations = (
				EAF95AF8238045BB00B6EA8E /* Debug */,
				EAF95AF9238045BB00B6EA8E /* Release */,
			);
			defaultConfigurationIsVisible = 0;
			defaultConfigurationName = Release;
		};
		EAF95AFA238045BB00B6EA8E /* Build configuration list for PBXNativeTarget "fb2019_lbta_practice" */ = {
			isa = XCConfigurationList;
			buildConfigurations = (
				EAF95AFB238045BB00B6EA8E /* Debug */,
				EAF95AFC238045BB00B6EA8E /* Release */,
			);
			defaultConfigurationIsVisible = 0;
			defaultConfigurationName = Release;
		};
/* End XCConfigurationList section */

/* Begin XCRemoteSwiftPackageReference section */
		EAF95AFF2380495A00B6EA8E /* XCRemoteSwiftPackageReference "LBTATools" */ = {
			isa = XCRemoteSwiftPackageReference;
			repositoryURL = "https://github.com/bhlvoong/LBTATools.git";
			requirement = {
				kind = upToNextMajorVersion;
				minimumVersion = 1.0.12;
			};
		};
/* End XCRemoteSwiftPackageReference section */

/* Begin XCSwiftPackageProductDependency section */
		EAF95B002380495A00B6EA8E /* LBTATools */ = {
			isa = XCSwiftPackageProductDependency;
			package = EAF95AFF2380495A00B6EA8E /* XCRemoteSwiftPackageReference "LBTATools" */;
			productName = LBTATools;
		};
/* End XCSwiftPackageProductDependency section */
	};
	rootObject = EAF95ADE238045BA00B6EA8E /* Project object */;
}
